PODS:
  - AFNetworking (3.1.0):
    - AFNetworking/NSURLSession (= 3.1.0)
    - AFNetworking/Reachability (= 3.1.0)
    - AFNetworking/Security (= 3.1.0)
    - AFNetworking/Serialization (= 3.1.0)
    - AFNetworking/UIKit (= 3.1.0)
  - AFNetworking/NSURLSession (3.1.0):
    - AFNetworking/Reachability
    - AFNetworking/Security
    - AFNetworking/Serialization
  - AFNetworking/Reachability (3.1.0)
  - AFNetworking/Security (3.1.0)
  - AFNetworking/Serialization (3.1.0)
  - AFNetworking/UIKit (3.1.0):
    - AFNetworking/NSURLSession
  - JCAlertView (1.1.5)
  - Masonry (1.0.2)
  - MJRefresh (3.1.12)
  - SDCycleScrollView (1.65):
    - SDWebImage (~> 3.7)
  - SDWebImage (3.8.2):
    - SDWebImage/Core (= 3.8.2)
  - SDWebImage/Core (3.8.2)
  - UMengUShare/Core (6.1):
    - UMengUShare/Network
  - UMengUShare/Network (6.1)
  - UMengUShare/Social/QQ (6.1):
    - UMengUShare/Core
  - UMengUShare/Social/Sina (6.1):
    - UMengUShare/Core
  - UMengUShare/Social/WeChat (6.1):
    - UMengUShare/Core
  - UMengUShare/UI (6.1):
    - UMengUShare/Core
  - YYModel (1.0.4)
  - ZFPlayer (2.1.1):
    - Masonry

DEPENDENCIES:
  - AFNetworking
  - JCAlertView
  - MJRefresh
  - SDCycleScrollView
  - SDWebImage
  - UMengUShare/Social/QQ
  - UMengUShare/Social/Sina
  - UMengUShare/Social/WeChat
  - UMengUShare/UI
  - YYModel
  - ZFPlayer

SPEC CHECKSUMS:
  AFNetworking: 5e0e199f73d8626b11e79750991f5d173d1f8b67
  JCAlertView: c65a7b298b8b497b3db783d82f719b88f4914869
  Masonry: 7c429b56da9d4ee0bbb3ed77a5ea710d6a5df39e
  MJRefresh: b96cdb21c4aa75a7b07654311ab2f315c497e806
  SDCycleScrollView: f72904c77698a7f93a41bcbbc2d78b073bf7326c
  SDWebImage: 098e97e6176540799c27e804c96653ee0833d13c
  UMengUShare: 6c3902a68a06d01031bed6f426e97b89d4fc504f
  YYModel: 2a7fdd96aaa4b86a824e26d0c517de8928c04b30
  ZFPlayer: c36657da33c28c75dfb100e98e7976b5b3e1fc10

PODFILE CHECKSUM: 982f4885342fb2a590819626d1a226641f54d297

COCOAPODS: 1.1.1
